
Microsoft Visual Studio Solution File, Format Version 12.00
# Visual Studio Version 16
VisualStudioVersion = 16.0.31129.286
MinimumVisualStudioVersion = 10.0.40219.1
Project("{9A19103F-16F7-4668-BE54-9A1E7A4F7556}") = "BiAggregationService", "BiAggregationService\BiAggregationService.csproj", "{07C7D268-51A6-4B81-B0A2-978221C7AF4C}"
EndProject
Global
	GlobalSection(SolutionConfigurationPlatforms) = preSolution
		Debug|Any CPU = Debug|Any CPU
		Release|Any CPU = Release|Any CPU
	EndGlobalSection
	GlobalSection(ProjectConfigurationPlatforms) = postSolution
		{07C7D268-51A6-4B81-B0A2-978221C7AF4C}.Debug|Any CPU.ActiveCfg = Debug|Any CPU
		{07C7D268-51A6-4B81-B0A2-978221C7AF4C}.Debug|Any CPU.Build.0 = Debug|Any CPU
		{07C7D268-51A6-4B81-B0A2-978221C7AF4C}.Release|Any CPU.ActiveCfg = Release|Any CPU
		{07C7D268-51A6-4B81-B0A2-978221C7AF4C}.Release|Any CPU.Build.0 = Release|Any CPU
	EndGlobalSection
	GlobalSection(SolutionProperties) = preSolution
		HideSolutionNode = FALSE
	EndGlobalSection
	GlobalSection(ExtensibilityGlobals) = postSolution
		SolutionGuid = {6EF28E7E-9485-4D51-924B-A890816EE7EB}
	EndGlobalSection
EndGlobal
